
Microsoft Visual Studio Solution File, Format Version 12.00
# Visual Studio 2012
Project("{8BC9CEB8-8B4A-11D0-8D11-00A0C91BC942}") = "SSC_01_14_12_51", "SSC_01_14_12_51\SSC_01_14_12_51.vcxproj", "{8D72F8DE-6457-40DE-B52F-3C51A3794B6C}"
EndProject
Global
	GlobalSection(SolutionConfigurationPlatforms) = preSolution
		Debug|Win32 = Debug|Win32
		Release|Win32 = Release|Win32
	EndGlobalSection
	GlobalSection(ProjectConfigurationPlatforms) = postSolution
		{8D72F8DE-6457-40DE-B52F-3C51A3794B6C}.Debug|Win32.ActiveCfg = Debug|Win32
		{8D72F8DE-6457-40DE-B52F-3C51A3794B6C}.Debug|Win32.Build.0 = Debug|Win32
		{8D72F8DE-6457-40DE-B52F-3C51A3794B6C}.Release|Win32.ActiveCfg = Release|Win32
		{8D72F8DE-6457-40DE-B52F-3C51A3794B6C}.Release|Win32.Build.0 = Release|Win32
	EndGlobalSection
	GlobalSection(SolutionProperties) = preSolution
		HideSolutionNode = FALSE
	EndGlobalSection
EndGlobal
